{
  "version": 4,
  "terraform_version": "1.14.8",
  "serial": 3,
  "lineage": "6e2837ec-e008-3d84-ec35-503a63a1d207",
  "outputs": {},
  "resources": [
    {
      "mode": "managed",
      "type": "google_container_cluster",
      "name": "primary",
      "provider": "provider[\"registry.terraform.io/hashicorp/google\"]",
      "instances": [
        {
          "schema_version": 2,
          "attributes": {
            "addons_config": [
              {
                "cloudrun_config": [],
                "config_connector_config": [],
                "dns_cache_config": [
                  {
                    "enabled": true
                  }
                ],
                "gce_persistent_disk_csi_driver_config": [
                  {
                    "enabled": true
                  }
                ],
                "gcp_filestore_csi_driver_config": [],
                "gcs_fuse_csi_driver_config": [],
                "gke_backup_agent_config": [],
                "horizontal_pod_autoscaling": [],
                "http_load_balancing": [],
                "network_policy_config": [
                  {
                    "disabled": true
                  }
                ],
                "ray_operator_config": [],
                "stateful_ha_config": []
              }
            ],
            "allow_net_admin": null,
            "authenticator_groups_config": [],
            "binary_authorization": [
              {
                "enabled": false,
                "evaluation_mode": ""
              }
            ],
            "cluster_autoscaling": [
              {
                "auto_provisioning_defaults": [],
                "auto_provisioning_locations": [],
                "autoscaling_profile": "BALANCED",
                "enabled": false,
                "resource_limits": []
              }
            ],
            "cluster_ipv4_cidr": "10.96.0.0/14",
            "confidential_nodes": [],
            "cost_management_config": [],
            "database_encryption": [
              {
                "key_name": "",
                "state": "DECRYPTED"
              }
            ],
            "datapath_provider": "",
            "default_max_pods_per_node": 110,
            "default_snat_status": [
              {
                "disabled": false
              }
            ],
            "deletion_protection": true,
            "description": "",
            "dns_config": [],
            "enable_autopilot": false,
            "enable_cilium_clusterwide_network_policy": false,
            "enable_intranode_visibility": false,
            "enable_k8s_beta_apis": [],
            "enable_kubernetes_alpha": false,
            "enable_l4_ilb_subsetting": false,
            "enable_legacy_abac": false,
            "enable_multi_networking": false,
            "enable_shielded_nodes": true,
            "enable_tpu": false,
            "endpoint": "34.85.31.160",
            "fleet": [],
            "gateway_api_config": [],
            "id": "projects/ebpf-analyzer/locations/asia-northeast1/clusters/ebpf-analyzer-cluster",
            "identity_service_config": [],
            "initial_node_count": 1,
            "ip_allocation_policy": [
              {
                "additional_pod_ranges_config": [],
                "cluster_ipv4_cidr_block": "10.96.0.0/14",
                "cluster_secondary_range_name": "gke-ebpf-analyzer-cluster-pods-989a3e21",
                "pod_cidr_overprovision_config": [
                  {
                    "disabled": false
                  }
                ],
                "services_ipv4_cidr_block": "34.118.224.0/20",
                "services_secondary_range_name": "",
                "stack_type": "IPV4"
              }
            ],
            "label_fingerprint": "a9dc16a7",
            "location": "asia-northeast1",
            "logging_config": [
              {
                "enable_components": [
                  "SYSTEM_COMPONENTS",
                  "WORKLOADS"
                ]
              }
            ],
            "logging_service": "logging.googleapis.com/kubernetes",
            "maintenance_policy": [],
            "master_auth": [
              {
                "client_certificate": "",
                "client_certificate_config": [
                  {
                    "issue_client_certificate": false
                  }
                ],
                "client_key": "",
                "cluster_ca_certificate": "LS0tLS1CRUdJTiBDRVJUSUZJQ0FURS0tLS0tCk1JSUVMVENDQXBXZ0F3SUJBZ0lSQUlOTm1vaS9BZUs3bEsxMDUxUGt6Tll3RFFZSktvWklodmNOQVFFTEJRQXcKTHpFdE1Dc0dBMVVFQXhNa1lqUm1aVEF3WXpVdE5qQmhaUzAwWVRRMExUZ3laVEF0TVdOa01UTTFNbVZqWkRreQpNQ0FYRFRJMk1EUXdPVEV6TVRneU4xb1lEekl3TlRZd05EQXhNVFF4T0RJM1dqQXZNUzB3S3dZRFZRUURFeVJpCk5HWmxNREJqTlMwMk1HRmxMVFJoTkRRdE9ESmxNQzB4WTJReE16VXlaV05rT1RJd2dnR2lNQTBHQ1NxR1NJYjMKRFFFQkFRVUFBNElCandBd2dnR0tBb0lCZ1FDM3FqbU0vZDB5aFpxK2NuU1FNM05HMmUwOXV6S2Fqa1VRRkxqKwpHRW82bzZYdEFlK0tldzhzVlBOYjBaUjVKcC85Z1BjZ3J3K1BESHlLQ2lOUHZsdURiVHJKdHR6aW5GamhlaXVsClhaV3hWR1dNMGQwK05YSmxPZS9oTkFxZFRJc1ExK3UwVk9qR0toWE9GcU9zNzhBUkFPMVhOY21oeWlQOTIrekYKd21LelRkaU1ZekhlVDNCbXpzckhDRkFOQVprVlIwNytneXhseFpNVHpncy9oVkpxUFo0bFcrb3hRRnFjcVA4MgpHeExYVEc1U1ptWFlIOVB1bXM5MjNJaXBHc2g4aFVhQWJMaVBxNEl5L3FFZ294UytJSDdmays1c3BLRFIvL2pDCjhLN0lzRVVmSXJQT2QvbkRJcU15cEM3UUlCbUhEOFBjZEZJaU9sbHVEQmdld09vdDc2YiswSGZCZTAyY3g0c08KaTcwTVVKeE5VVkw2endxWUVYaVVpbVZkVnkrZ0g4OUczd3NoUFBzQ1ZXWTdhcjM1MnNDSkdjbkRla2NIQzg1OQpxK1kxNGNxWFA2OGNsTThXOWxsVXpMR1k2bDMzSzBJK2wzSHZuWS9nb2JjSzV1ZTBmRTJKb1N6eU9SR1JvZ2hsCnhENlR4eThXVmpOMFk0SFlNQlp0bDFYN1ZRY0NBd0VBQWFOQ01FQXdEZ1lEVlIwUEFRSC9CQVFEQWdJRU1BOEcKQTFVZEV3RUIvd1FGTUFNQkFmOHdIUVlEVlIwT0JCWUVGQ0UxV1I4NmRBOFdSWGZ5V2lINURLelozNnRiTUEwRwpDU3FHU0liM0RRRUJDd1VBQTRJQmdRQVcvQkJDRzR6eEp1d0xManRmRmFYTnM4MTBaYVlFSTFzQmkxb0RWRGNRClJIUE42NnNOMUNDakJVRjNPYjltQVc2THNFTjNENytSdUxRRGpCWHdYSmNrY0pTcU9UTmh4MW1DZWJyNjYrZysKc1gySWRTTGdHNEYwbzZtNzA3N3JjdEFpU2dvcmJDVzY2MldWcGFqRks2QnBrSTZFRzgrR2pwSG1SSVIwMVJTSwplSXNDSHlxQnRCK3ExNk8xaFR4eEtRUjlhb0F2VzJSZjNOcXVEZHJtbjI4ZW1LSWVDc3hCenJkY0VsNTRnd2hQClF2M0VKRXFId3ZLQXpITHRGY2ROMEVWcHNHNTcyd1J2UUxYalphY2RkQUlnRS9sK2V1c0pESndYMndZVEV1VksKNVowTDJFN3hIeGU1b25HdFdNSENQUU1OTlZGT3k4M3lXeTY5Tm9RWmlGM1pHeExnemJ2WWpIcGxaVk5DU09wZgpYLzFOcU1uc2g3bUEwNjZVYWtXVHNCMHBnSXBmbmFMdUJ5dWFlUS9qdkdtYnZZTUdtMit4di9mTjZyYVRRZkNjCjF3YzdSaTRhTFBac3BmNlF5cGFyWU44YlcvUVhuZXU1ZUhudW9QVndXempuVzhEMmlhTkEyaGFwYS82R3I4TGQKMVR0QzlCZlplUVg3bmtkQ29qWTNpeFk9Ci0tLS0tRU5EIENFUlRJRklDQVRFLS0tLS0K"
              }
            ],
            "master_authorized_networks_config": [],
            "master_version": "1.35.1-gke.1396002",
            "mesh_certificates": [],
            "min_master_version": null,
            "monitoring_config": [
              {
                "advanced_datapath_observability_config": [
                  {
                    "enable_metrics": false,
                    "enable_relay": false,
                    "relay_mode": "DISABLED"
                  }
                ],
                "enable_components": [
                  "SYSTEM_COMPONENTS",
                  "STATEFULSET",
                  "JOBSET",
                  "STORAGE",
                  "HPA",
                  "POD",
                  "DAEMONSET",
                  "DEPLOYMENT",
                  "CADVISOR",
                  "KUBELET",
                  "DCGM"
                ],
                "managed_prometheus": [
                  {
                    "enabled": true
                  }
                ]
              }
            ],
            "monitoring_service": "monitoring.googleapis.com/kubernetes",
            "name": "ebpf-analyzer-cluster",
            "network": "projects/ebpf-analyzer/global/networks/default",
            "network_policy": [
              {
                "enabled": false,
                "provider": "PROVIDER_UNSPECIFIED"
              }
            ],
            "networking_mode": "VPC_NATIVE",
            "node_config": [],
            "node_locations": [
              "asia-northeast1-a",
              "asia-northeast1-b",
              "asia-northeast1-c"
            ],
            "node_pool": [],
            "node_pool_auto_config": [
              {
                "network_tags": [],
                "node_kubelet_config": [
                  {
                    "insecure_kubelet_readonly_port_enabled": "FALSE"
                  }
                ],
                "resource_manager_tags": {}
              }
            ],
            "node_pool_defaults": [
              {
                "node_config_defaults": [
                  {
                    "containerd_config": [],
                    "insecure_kubelet_readonly_port_enabled": "FALSE",
                    "logging_variant": "DEFAULT"
                  }
                ]
              }
            ],
            "node_version": "1.35.1-gke.1396002",
            "notification_config": [
              {
                "pubsub": [
                  {
                    "enabled": false,
                    "filter": [],
                    "topic": ""
                  }
                ]
              }
            ],
            "operation": null,
            "private_cluster_config": [
              {
                "enable_private_endpoint": false,
                "enable_private_nodes": false,
                "master_global_access_config": [
                  {
                    "enabled": false
                  }
                ],
                "master_ipv4_cidr_block": "",
                "peering_name": "",
                "private_endpoint": "10.146.0.2",
                "private_endpoint_subnetwork": "",
                "public_endpoint": "34.85.31.160"
              }
            ],
            "private_ipv6_google_access": "",
            "project": "ebpf-analyzer",
            "release_channel": [
              {
                "channel": "REGULAR"
              }
            ],
            "remove_default_node_pool": true,
            "resource_labels": null,
            "resource_usage_export_config": [],
            "security_posture_config": [
              {
                "mode": "BASIC",
                "vulnerability_mode": "VULNERABILITY_MODE_UNSPECIFIED"
              }
            ],
            "self_link": "https://container.googleapis.com/v1/projects/ebpf-analyzer/locations/asia-northeast1/clusters/ebpf-analyzer-cluster",
            "service_external_ips_config": [
              {
                "enabled": false
              }
            ],
            "services_ipv4_cidr": "34.118.224.0/20",
            "subnetwork": "projects/ebpf-analyzer/regions/asia-northeast1/subnetworks/default",
            "timeouts": null,
            "tpu_ipv4_cidr_block": "",
            "vertical_pod_autoscaling": [],
            "workload_identity_config": []
          },
          "sensitive_attributes": [
            [
              {
                "type": "get_attr",
                "value": "master_auth"
              },
              {
                "type": "index",
                "value": {
                  "value": 0,
                  "type": "number"
                }
              },
              {
                "type": "get_attr",
                "value": "client_key"
              }
            ]
          ],
          "identity_schema_version": 0,
          "private": "eyJlMmJmYjczMC1lY2FhLTExZTYtOGY4OC0zNDM2M2JjN2M0YzAiOnsiY3JlYXRlIjoyNDAwMDAwMDAwMDAwLCJkZWxldGUiOjI0MDAwMDAwMDAwMDAsInJlYWQiOjI0MDAwMDAwMDAwMDAsInVwZGF0ZSI6MzYwMDAwMDAwMDAwMH0sInNjaGVtYV92ZXJzaW9uIjoiMiJ9"
        }
      ]
    },
    {
      "mode": "managed",
      "type": "google_container_node_pool",
      "name": "parimary_nodes",
      "provider": "provider[\"registry.terraform.io/hashicorp/google\"]",
      "instances": [
        {
          "schema_version": 1,
          "attributes": {
            "autoscaling": [],
            "cluster": "ebpf-analyzer-cluster",
            "id": "projects/ebpf-analyzer/locations/asia-northeast1/clusters/ebpf-analyzer-cluster/nodePools/ebpf-analyzer-node-pool",
            "initial_node_count": 1,
            "instance_group_urls": [
              "https://www.googleapis.com/compute/v1/projects/ebpf-analyzer/zones/asia-northeast1-b/instanceGroupManagers/gke-ebpf-analyzer-cl-ebpf-analyzer-no-117c2f77-grp",
              "https://www.googleapis.com/compute/v1/projects/ebpf-analyzer/zones/asia-northeast1-a/instanceGroupManagers/gke-ebpf-analyzer-cl-ebpf-analyzer-no-a04d50ae-grp",
              "https://www.googleapis.com/compute/v1/projects/ebpf-analyzer/zones/asia-northeast1-c/instanceGroupManagers/gke-ebpf-analyzer-cl-ebpf-analyzer-no-bae691c9-grp"
            ],
            "location": "asia-northeast1",
            "managed_instance_group_urls": [
              "https://www.googleapis.com/compute/v1/projects/ebpf-analyzer/zones/asia-northeast1-b/instanceGroups/gke-ebpf-analyzer-cl-ebpf-analyzer-no-117c2f77-grp",
              "https://www.googleapis.com/compute/v1/projects/ebpf-analyzer/zones/asia-northeast1-a/instanceGroups/gke-ebpf-analyzer-cl-ebpf-analyzer-no-a04d50ae-grp",
              "https://www.googleapis.com/compute/v1/projects/ebpf-analyzer/zones/asia-northeast1-c/instanceGroups/gke-ebpf-analyzer-cl-ebpf-analyzer-no-bae691c9-grp"
            ],
            "management": [
              {
                "auto_repair": true,
                "auto_upgrade": true
              }
            ],
            "max_pods_per_node": 110,
            "name": "ebpf-analyzer-node-pool",
            "name_prefix": "",
            "network_config": [
              {
                "additional_node_network_configs": [],
                "additional_pod_network_configs": [],
                "create_pod_range": false,
                "enable_private_nodes": false,
                "network_performance_config": [],
                "pod_cidr_overprovision_config": [],
                "pod_ipv4_cidr_block": "10.96.0.0/14",
                "pod_range": "gke-ebpf-analyzer-cluster-pods-989a3e21"
              }
            ],
            "node_config": [
              {
                "advanced_machine_features": [],
                "boot_disk_kms_key": "",
                "confidential_nodes": [],
                "containerd_config": [],
                "disk_size_gb": 20,
                "disk_type": "pd-balanced",
                "effective_taints": [],
                "enable_confidential_storage": false,
                "ephemeral_storage_local_ssd_config": [],
                "fast_socket": [],
                "gcfs_config": [],
                "guest_accelerator": [],
                "gvnic": [],
                "host_maintenance_policy": [],
                "image_type": "COS_CONTAINERD",
                "kubelet_config": [
                  {
                    "cpu_cfs_quota": false,
                    "cpu_cfs_quota_period": "",
                    "cpu_manager_policy": "",
                    "insecure_kubelet_readonly_port_enabled": "FALSE",
                    "pod_pids_limit": 0
                  }
                ],
                "labels": {},
                "linux_node_config": [],
                "local_nvme_ssd_block_config": [],
                "local_ssd_count": 0,
                "logging_variant": "DEFAULT",
                "machine_type": "e2-medium",
                "metadata": {
                  "disable-legacy-endpoints": "true"
                },
                "min_cpu_platform": "",
                "node_group": "",
                "oauth_scopes": [
                  "https://www.googleapis.com/auth/devstorage.read_only",
                  "https://www.googleapis.com/auth/logging.write",
                  "https://www.googleapis.com/auth/monitoring",
                  "https://www.googleapis.com/auth/service.management.readonly",
                  "https://www.googleapis.com/auth/servicecontrol",
                  "https://www.googleapis.com/auth/trace.append"
                ],
                "preemptible": true,
                "reservation_affinity": [],
                "resource_labels": {
                  "goog-gke-node-pool-provisioning-model": "spot"
                },
                "resource_manager_tags": null,
                "secondary_boot_disks": [],
                "service_account": "default",
                "shielded_instance_config": [
                  {
                    "enable_integrity_monitoring": true,
                    "enable_secure_boot": false
                  }
                ],
                "sole_tenant_config": [],
                "spot": false,
                "tags": null,
                "taint": [],
                "workload_metadata_config": []
              }
            ],
            "node_count": 1,
            "node_locations": [
              "asia-northeast1-a",
              "asia-northeast1-b",
              "asia-northeast1-c"
            ],
            "operation": null,
            "placement_policy": [],
            "project": "ebpf-analyzer",
            "queued_provisioning": [],
            "timeouts": null,
            "upgrade_settings": [
              {
                "blue_green_settings": [],
                "max_surge": 1,
                "max_unavailable": 0,
                "strategy": "SURGE"
              }
            ],
            "version": "1.35.1-gke.1396002"
          },
          "sensitive_attributes": [],
          "identity_schema_version": 0,
          "private": "eyJlMmJmYjczMC1lY2FhLTExZTYtOGY4OC0zNDM2M2JjN2M0YzAiOnsiY3JlYXRlIjoxODAwMDAwMDAwMDAwLCJkZWxldGUiOjE4MDAwMDAwMDAwMDAsInVwZGF0ZSI6MTgwMDAwMDAwMDAwMH0sInNjaGVtYV92ZXJzaW9uIjoiMSJ9",
          "dependencies": [
            "google_container_cluster.primary"
          ]
        }
      ]
    }
  ],
  "check_results": null
}
